
Microsoft Visual Studio Solution File, Format Version 12.00
# Visual Studio Version 17
VisualStudioVersion = 17.13.35913.81 d17.13
MinimumVisualStudioVersion = 10.0.40219.1
Project("{FAE04EC0-301F-11D3-BF4B-00C04F79EFBC}") = "Proiect_MDS", "Proiect_MDS\Proiect_MDS.csproj", "{D2014B1C-4A82-4796-87A7-1BAAEDB42AB3}"
EndProject
Global
	GlobalSection(SolutionConfigurationPlatforms) = preSolution
		Debug|Any CPU = Debug|Any CPU
		Release|Any CPU = Release|Any CPU
	EndGlobalSection
	GlobalSection(ProjectConfigurationPlatforms) = postSolution
		{D2014B1C-4A82-4796-87A7-1BAAEDB42AB3}.Debug|Any CPU.ActiveCfg = Debug|Any CPU
		{D2014B1C-4A82-4796-87A7-1BAAEDB42AB3}.Debug|Any CPU.Build.0 = Debug|Any CPU
		{D2014B1C-4A82-4796-87A7-1BAAEDB42AB3}.Release|Any CPU.ActiveCfg = Release|Any CPU
		{D2014B1C-4A82-4796-87A7-1BAAEDB42AB3}.Release|Any CPU.Build.0 = Release|Any CPU
	EndGlobalSection
	GlobalSection(SolutionProperties) = preSolution
		HideSolutionNode = FALSE
	EndGlobalSection
	GlobalSection(ExtensibilityGlobals) = postSolution
		SolutionGuid = {2DC3007C-C0D5-494E-955C-5E07B8D009F8}
	EndGlobalSection
EndGlobal
